
Microsoft Visual Studio Solution File, Format Version 12.00
# Visual Studio Version 17
VisualStudioVersion = 17.3.32901.215
MinimumVisualStudioVersion = 10.0.40219.1
Project("{FAE04EC0-301F-11D3-BF4B-00C04F79EFBC}") = "KursProject", "KursProject\KursProject.csproj", "{1483B674-2A76-4E53-9591-3113F5604E94}"
EndProject
Global
	GlobalSection(SolutionConfigurationPlatforms) = preSolution
		Debug|Any CPU = Debug|Any CPU
		Release|Any CPU = Release|Any CPU
	EndGlobalSection
	GlobalSection(ProjectConfigurationPlatforms) = postSolution
		{1483B674-2A76-4E53-9591-3113F5604E94}.Debug|Any CPU.ActiveCfg = Debug|Any CPU
		{1483B674-2A76-4E53-9591-3113F5604E94}.Debug|Any CPU.Build.0 = Debug|Any CPU
		{1483B674-2A76-4E53-9591-3113F5604E94}.Release|Any CPU.ActiveCfg = Release|Any CPU
		{1483B674-2A76-4E53-9591-3113F5604E94}.Release|Any CPU.Build.0 = Release|Any CPU
	EndGlobalSection
	GlobalSection(SolutionProperties) = preSolution
		HideSolutionNode = FALSE
	EndGlobalSection
	GlobalSection(ExtensibilityGlobals) = postSolution
		SolutionGuid = {786B7FCC-575A-4C79-A822-375671FA1D9E}
	EndGlobalSection
EndGlobal
